github.com/davecgh/go-spew v1.1.1/go.mod h1:J7Y8YcW2NihsgmVo/mv3lAwl/skON4iLHjSsI+c5H38=
github.com/josharian/intern v1.0.0 h1:vlS4z54oSdjm0bgjRigI+G1HpF+tI+9rE5LLzOg8HmY=
github.com/josharian/intern v1.0.0/go.mod h1:5DoeVV0s6jJacbCEi61lwdGj/aVlrQvzHFFd8Hwg//Y=
github.com/mailru/easyjson v0.7.7 h1:UGYAvKxe3sBsEDzO8ZeWOSlIQfWFlxbzLZe7hwFURr0=
github.com/mailru/easyjson v0.7.7/go.mod h1:xzfreul335JAWq5oZzymOObrkdz5UnU4kGfJJLY9Nlc=
github.com/myfantasy/json v0.0.4 h1:sFvnbdN6bUGrw4pkgl4PnZ5xiJIRUZ5xRPeYjA0mnZc=
github.com/myfantasy/json v0.0.4/go.mod h1:/MsjQyLRXRP+bbkep0l6AF9nBTjqXvBrdYMvMvtbsk8=
github.com/myfantasy/mfs v0.1.4 h1:AhiUqDw3DpBHlRmPOFx+W7fAePgh3iFg/DvaXcjdsQs=
github.com/myfantasy/mfs v0.1.4/go.mod h1:VzrpsffCc+o2mGUMJrO07YSbHrGfZ4PbbENQbNssecA=
github.com/myfantasy/mft v0.1.2/go.mod h1:0Z5dKFlkM9T5IjF6fj+lfsnc29g0FQ+zgzqQDK9/5sw=
github.com/myfantasy/mft v0.2.0 h1:CfMpwNwCgYQ2JobMyT8f/V3e7cM9gyzPgp/TTC+czqE=
github.com/myfantasy/mft v0.2.0/go.mod h1:iwW0O0iRBbYyuuuRsuKABMhKSqmRg/Cpw4wZhw5ZJmQ=
github.com/pmezard/go-difflib v1.0.0/go.mod h1:iKH77koFhYxTK1pcRnkKkqfTogsbg7gZNVY4sRDYZ/4=
github.com/sirupsen/logrus v1.8.1/go.mod h1:yWOB1SBYBC5VeMP7gHvWumXLIWorT60ONWic61uBYv0=
github.com/stretchr/testify v1.2.2/go.mod h1:a8OnRcib4nhh0OaRAV+Yts87kKdq0PP7pXfy6kDkUVs=
golang.org/x/sys v0.0.0-20191026070338-33540a1f6037/go.mod h1:h1NjWce9XRLGQEsW7wpKNCjG9DtNlClVuFLEZdDNbEs=
golang.org/x/sys v0.0.0-20210903071746-97244b99971b/go.mod h1:oPkhp1MJrh7nUepCBck5+mAzfO9JrbApNNgaTdGDITg=
